// !$*UTF8*$!
{
	archiveVersion = 1;
	classes = {
	};
	objectVersion = 46;
	objects = {

/* Begin PBXBuildFile section */
		FBB0F7991B1021F400CB0F88 /* main.c in Sources */ = {isa = PBXBuildFile; fileRef = FBB0F7981B1021F400CB0F88 /* main.c */; };
		FBB0F7A11B10225B00CB0F88 /* chip8.c in Sources */ = {isa = PBXBuildFile; fileRef = FBB0F79F1B10225B00CB0F88 /* chip8.c */; };
/* End PBXBuildFile section */

/* Begin PBXCopyFilesBuildPhase section */
		FBB0F7931B1021F400CB0F88 /* CopyFiles */ = {
			isa = PBXCopyFilesBuildPhase;
			buildActionMask = 2147483647;
			dstPath = /usr/share/man/man1/;
			dstSubfolderSpec = 0;
			files = (
			);
			runOnlyForDeploymentPostprocessing = 1;
		};
/* End PBXCopyFilesBuildPhase section */

/* Begin PBXFileReference section */
		FBB0F7951B1021F400CB0F88 /* Chip8 */ = {isa = PBXFileReference; explicitFileType = "compiled.mach-o.executable"; includeInIndex = 0; path = Chip8; sourceTree = BUILT_PRODUCTS_DIR; };
		FBB0F7981B1021F400CB0F88 /* main.c */ = {isa = PBXFileReference; lastKnownFileType = sourcecode.c.c; path = main.c; sourceTree = "<group>"; };
		FBB0F79F1B10225B00CB0F88 /* chip8.c */ = {isa = PBXFileReference; fileEncoding = 4; lastKnownFileType = sourcecode.c.c; name = chip8.c; path = ../../../chip8.c; sourceTree = "<group>"; };
		FBB0F7A01B10225B00CB0F88 /* chip8.h */ = {isa = PBXFileReference; fileEncoding = 4; lastKnownFileType = sourcecode.c.h; name = chip8.h; path = ../../../chip8.h; sourceTree = "<group>"; };
/* End PBXFileReference section */

/* Begin PBXFrameworksBuildPhase section */
		FBB0F7921B1021F400CB0F88 /* Frameworks */ = {
			isa = PBXFrameworksBuildPhase;
			buildActionMask = 2147483647;
			files = (
			);
			runOnlyForDeploymentPostprocessing = 0;
		};
/* End PBXFrameworksBuildPhase section */

/* Begin PBXGroup section */
		FBB0F78C1B1021F400CB0F88 = {
			isa = PBXGroup;
			children = (
				FBB0F7971B1021F400CB0F88 /* Chip8 */,
				FBB0F7961B1021F400CB0F88 /* Products */,
			);
			sourceTree = "<group>";
		};
		FBB0F7961B1021F400CB0F88 /* Products */ = {
			isa = PBXGroup;
			children = (
				FBB0F7951B1021F400CB0F88 /* Chip8 */,
			);
			name = Products;
			sourceTree = "<group>";
		};
		FBB0F7971B1021F400CB0F88 /* Chip8 */ = {
			isa = PBXGroup;
			children = (
				FBB0F79F1B10225B00CB0F88 /* chip8.c */,
				FBB0F7A01B10225B00CB0F88 /* chip8.h */,
				FBB0F7981B1021F400CB0F88 /* main.c */,
			);
			path = Chip8;
			sourceTree = "<group>";
		};
/* End PBXGroup section */

/* Begin PBXNativeTarget section */
		FBB0F7941B1021F400CB0F88 /* Chip8 */ = {
			isa = PBXNativeTarget;
			buildConfigurationList = FBB0F79C1B1021F400CB0F88 /* Build configuration list for PBXNativeTarget "Chip8" */;
			buildPhases = (
				FBB0F7911B1021F400CB0F88 /* Sources */,
				FBB0F7921B1021F400CB0F88 /* Frameworks */,
				FBB0F7931B1021F400CB0F88 /* CopyFiles */,
			);
			buildRules = (
			);
			dependencies = (
			);
			name = Chip8;
			productName = Chip8;
			productReference = FBB0F7951B1021F400CB0F88 /* Chip8 */;
			productType = "com.apple.product-type.tool";
		};
/* End PBXNativeTarget section */

/* Begin PBXProject section */
		FBB0F78D1B1021F400CB0F88 /* Project object */ = {
			isa = PBXProject;
			attributes = {
				LastUpgradeCheck = 0630;
				ORGANIZATIONNAME = "Daryl Hawkins";
				TargetAttributes = {
					FBB0F7941B1021F400CB0F88 = {
						CreatedOnToolsVersion = 6.3.1;
					};
				};
			};
			buildConfigurationList = FBB0F7901B1021F400CB0F88 /* Build configuration list for PBXProject "Chip8" */;
			compatibilityVersion = "Xcode 3.2";
			developmentRegion = English;
			hasScannedForEncodings = 0;
			knownRegions = (
				en,
			);
			mainGroup = FBB0F78C1B1021F400CB0F88;
			productRefGroup = FBB0F7961B1021F400CB0F88 /* Products */;
			projectDirPath = "";
			projectRoot = "";
			targets = (
				FBB0F7941B1021F400CB0F88 /* Chip8 */,
			);
		};
/* End PBXProject section */

/* Begin PBXSourcesBuildPhase section */
		FBB0F7911B1021F400CB0F88 /* Sources */ = {
			isa = PBXSourcesBuildPhase;
			buildActionMask = 2147483647;
			files = (
				FBB0F7A11B10225B00CB0F88 /* chip8.c in Sources */,
				FBB0F7991B1021F400CB0F88 /* main.c in Sources */,
			);
			runOnlyForDeploymentPostprocessing = 0;
		};
/* End PBXSourcesBuildPhase section */

/* Begin XCBuildConfiguration section */
		FBB0F79A1B1021F400CB0F88 /* Debug */ = {
			isa = XCBuildConfiguration;
			buildSettings = {
				ALWAYS_SEARCH_USER_PATHS = NO;
				CLANG_CXX_LANGUAGE_STANDARD = "gnu++0x";
				CLANG_CXX_LIBRARY = "libc++";
				CLANG_ENABLE_MODULES = YES;
				CLANG_ENABLE_OBJC_ARC = YES;
				CLANG_WARN_BOOL_CONVERSION = YES;
				CLANG_WARN_CONSTANT_CONVERSION = YES;
				CLANG_WARN_DIRECT_OBJC_ISA_USAGE = YES_ERROR;
				CLANG_WARN_EMPTY_BODY = YES;
				CLANG_WARN_ENUM_CONVERSION = YES;
				CLANG_WARN_INT_CONVERSION = YES;
				CLANG_WARN_OBJC_ROOT_CLASS = YES_ERROR;
				CLANG_WARN_UNREACHABLE_CODE = YES;
				CLANG_WARN__DUPLICATE_METHOD_MATCH = YES;
				COPY_PHASE_STRIP = NO;
				DEBUG_INFORMATION_FORMAT = dwarf;
				ENABLE_STRICT_OBJC_MSGSEND = YES;
				GCC_C_LANGUAGE_STANDARD = gnu99;
				GCC_DYNAMIC_NO_PIC = NO;
				GCC_NO_COMMON_BLOCKS = YES;
				GCC_OPTIMIZATION_LEVEL = 0;
				GCC_PREPROCESSOR_DEFINITIONS = (
					"DEBUG=1",
					"$(inherited)",
				);
				GCC_SYMBOLS_PRIVATE_EXTERN = NO;
				GCC_WARN_64_TO_32_BIT_CONVERSION = YES;
				GCC_WARN_ABOUT_RETURN_TYPE = YES_ERROR;
				GCC_WARN_UNDECLARED_SELECTOR = YES;
				GCC_WARN_UNINITIALIZED_AUTOS = YES_AGGRESSIVE;
				GCC_WARN_UNUSED_FUNCTION = YES;
				GCC_WARN_UNUSED_VARIABLE = YES;
				MACOSX_DEPLOYMENT_TARGET = 10.10;
				MTL_ENABLE_DEBUG_INFO = YES;
				ONLY_ACTIVE_ARCH = YES;
				SDKROOT = macosx;
			};
			name = Debug;
		};
		FBB0F79B1B1021F400CB0F88 /* Release */ = {
			isa = XCBuildConfiguration;
			buildSettings = {
				ALWAYS_SEARCH_USER_PATHS = NO;
				CLANG_CXX_LANGUAGE_STANDARD = "gnu++0x";
				CLANG_CXX_LIBRARY = "libc++";
				CLANG_ENABLE_MODULES = YES;
				CLANG_ENABLE_OBJC_ARC = YES;
				CLANG_WARN_BOOL_CONVERSION = YES;
				CLANG_WARN_CONSTANT_CONVERSION = YES;
				CLANG_WARN_DIRECT_OBJC_ISA_USAGE = YES_ERROR;
				CLANG_WARN_EMPTY_BODY = YES;
				CLANG_WARN_ENUM_CONVERSION = YES;
				CLANG_WARN_INT_CONVERSION = YES;
				CLANG_WARN_OBJC_ROOT_CLASS = YES_ERROR;
				CLANG_WARN_UNREACHABLE_CODE = YES;
				CLANG_WARN__DUPLICATE_METHOD_MATCH = YES;
				COPY_PHASE_STRIP = NO;
				DEBUG_INFORMATION_FORMAT = "dwarf-with-dsym";
				ENABLE_NS_ASSERTIONS = NO;
				ENABLE_STRICT_OBJC_MSGSEND = YES;
				GCC_C_LANGUAGE_STANDARD = gnu99;
				GCC_NO_COMMON_BLOCKS = YES;
				GCC_WARN_64_TO_32_BIT_CONVERSION = YES;
				GCC_WARN_ABOUT_RETURN_TYPE = YES_ERROR;
				GCC_WARN_UNDECLARED_SELECTOR = YES;
				GCC_WARN_UNINITIALIZED_AUTOS = YES_AGGRESSIVE;
				GCC_WARN_UNUSED_FUNCTION = YES;
				GCC_WARN_UNUSED_VARIABLE = YES;
				MACOSX_DEPLOYMENT_TARGET = 10.10;
				MTL_ENABLE_DEBUG_INFO = NO;
				SDKROOT = macosx;
			};
			name = Release;
		};
		FBB0F79D1B1021F400CB0F88 /* Debug */ = {
			isa = XCBuildConfiguration;
			buildSettings = {
				PRODUCT_NAME = "$(TARGET_NAME)";
			};
			name = Debug;
		};
		FBB0F79E1B1021F400CB0F88 /* Release */ = {
			isa = XCBuildConfiguration;
			buildSettings = {
				PRODUCT_NAME = "$(TARGET_NAME)";
			};
			name = Release;
		};
/* End XCBuildConfiguration section */

/* Begin XCConfigurationList section */
		FBB0F7901B1021F400CB0F88 /* Build configuration list for PBXProject "Chip8" */ = {
			isa = XCConfigurationList;
			buildConfigurations = (
				FBB0F79A1B1021F400CB0F88 /* Debug */,
				FBB0F79B1B1021F400CB0F88 /* Release */,
			);
			defaultConfigurationIsVisible = 0;
			defaultConfigurationName = Release;
		};
		FBB0F79C1B1021F400CB0F88 /* Build configuration list for PBXNativeTarget "Chip8" */ = {
			isa = XCConfigurationList;
			buildConfigurations = (
				FBB0F79D1B1021F400CB0F88 /* Debug */,
				FBB0F79E1B1021F400CB0F88 /* Release */,
			);
			defaultConfigurationIsVisible = 0;
		};
/* End XCConfigurationList section */
	};
	rootObject = FBB0F78D1B1021F400CB0F88 /* Project object */;
}
